// !$*UTF8*$!
{
	archiveVersion = 1;
	classes = {
	};
	objectVersion = 46;
	objects = {

/* Begin PBXBuildFile section */
		96F61FD41CA23A1C0022FD6F /* TCWebView.m in Sources */ = {isa = PBXBuildFile; fileRef = 96F61FD31CA23A1C0022FD6F /* TCWebView.m */; };
		96F61FD71CA23AC90022FD6F /* TCViewController.m in Sources */ = {isa = PBXBuildFile; fileRef = 96F61FD61CA23AC90022FD6F /* TCViewController.m */; };
		96F61FD91CA23B5B0022FD6F /* WebKit.framework in Frameworks */ = {isa = PBXBuildFile; fileRef = 96F61FD81CA23B5B0022FD6F /* WebKit.framework */; };
		BD8C976577AC9DEF756D585D /* libPods-NativeAndJS.a in Frameworks */ = {isa = PBXBuildFile; fileRef = A5E0D0E69D41911420DCB0A2 /* libPods-NativeAndJS.a */; };
		CB6C3B691BA10D29007EC918 /* main.m in Sources */ = {isa = PBXBuildFile; fileRef = CB6C3B681BA10D29007EC918 /* main.m */; };
		CB6C3B6C1BA10D29007EC918 /* AppDelegate.m in Sources */ = {isa = PBXBuildFile; fileRef = CB6C3B6B1BA10D29007EC918 /* AppDelegate.m */; };
		CB6C3B6F1BA10D29007EC918 /* ViewController.m in Sources */ = {isa = PBXBuildFile; fileRef = CB6C3B6E1BA10D29007EC918 /* ViewController.m */; };
		CB6C3B721BA10D29007EC918 /* Main.storyboard in Resources */ = {isa = PBXBuildFile; fileRef = CB6C3B701BA10D29007EC918 /* Main.storyboard */; };
		CB6C3B741BA10D29007EC918 /* Images.xcassets in Resources */ = {isa = PBXBuildFile; fileRef = CB6C3B731BA10D29007EC918 /* Images.xcassets */; };
		CB6C3B771BA10D29007EC918 /* LaunchScreen.xib in Resources */ = {isa = PBXBuildFile; fileRef = CB6C3B751BA10D29007EC918 /* LaunchScreen.xib */; };
		CB6C3B831BA10D29007EC918 /* NativeAndJSTests.m in Sources */ = {isa = PBXBuildFile; fileRef = CB6C3B821BA10D29007EC918 /* NativeAndJSTests.m */; };
		CB6C3B8D1BA10E95007EC918 /* JavaScriptCore.framework in Frameworks */ = {isa = PBXBuildFile; fileRef = CB6C3B8C1BA10E95007EC918 /* JavaScriptCore.framework */; };
		CB6C3B8F1BA10EE4007EC918 /* ExampleApp.html in Resources */ = {isa = PBXBuildFile; fileRef = CB6C3B8E1BA10EE4007EC918 /* ExampleApp.html */; };
		CB6C3B911BA15A6B007EC918 /* ExampleApp2.html in Resources */ = {isa = PBXBuildFile; fileRef = CB6C3B901BA15A6B007EC918 /* ExampleApp2.html */; };
		CB6C3B931BA15D64007EC918 /* ExampleApp.js in Resources */ = {isa = PBXBuildFile; fileRef = CB6C3B921BA15D64007EC918 /* ExampleApp.js */; };
		CB6C3B951BA16596007EC918 /* jquery1.9.js in Resources */ = {isa = PBXBuildFile; fileRef = CB6C3B941BA16596007EC918 /* jquery1.9.js */; };
/* End PBXBuildFile section */

/* Begin PBXContainerItemProxy section */
		CB6C3B7D1BA10D29007EC918 /* PBXContainerItemProxy */ = {
			isa = PBXContainerItemProxy;
			containerPortal = CB6C3B5B1BA10D29007EC918 /* Project object */;
			proxyType = 1;
			remoteGlobalIDString = CB6C3B621BA10D29007EC918;
			remoteInfo = NativeAndJS;
		};
/* End PBXContainerItemProxy section */

/* Begin PBXFileReference section */
		3247CACABABF49EC6EE91C47 /* Pods-NativeAndJS.release.xcconfig */ = {isa = PBXFileReference; includeInIndex = 1; lastKnownFileType = text.xcconfig; name = "Pods-NativeAndJS.release.xcconfig"; path = "Pods/Target Support Files/Pods-NativeAndJS/Pods-NativeAndJS.release.xcconfig"; sourceTree = "<group>"; };
		49E0F17E818364F49AFF898B /* Pods-NativeAndJS.debug.xcconfig */ = {isa = PBXFileReference; includeInIndex = 1; lastKnownFileType = text.xcconfig; name = "Pods-NativeAndJS.debug.xcconfig"; path = "Pods/Target Support Files/Pods-NativeAndJS/Pods-NativeAndJS.debug.xcconfig"; sourceTree = "<group>"; };
		96F61FD21CA23A1C0022FD6F /* TCWebView.h */ = {isa = PBXFileReference; fileEncoding = 4; lastKnownFileType = sourcecode.c.h; path = TCWebView.h; sourceTree = "<group>"; };
		96F61FD31CA23A1C0022FD6F /* TCWebView.m */ = {isa = PBXFileReference; fileEncoding = 4; lastKnownFileType = sourcecode.c.objc; path = TCWebView.m; sourceTree = "<group>"; };
		96F61FD51CA23AC90022FD6F /* TCViewController.h */ = {isa = PBXFileReference; fileEncoding = 4; lastKnownFileType = sourcecode.c.h; path = TCViewController.h; sourceTree = "<group>"; };
		96F61FD61CA23AC90022FD6F /* TCViewController.m */ = {isa = PBXFileReference; fileEncoding = 4; lastKnownFileType = sourcecode.c.objc; path = TCViewController.m; sourceTree = "<group>"; };
		96F61FD81CA23B5B0022FD6F /* WebKit.framework */ = {isa = PBXFileReference; lastKnownFileType = wrapper.framework; name = WebKit.framework; path = System/Library/PrivateFrameworks/WebKit.framework; sourceTree = SDKROOT; };
		A5E0D0E69D41911420DCB0A2 /* libPods-NativeAndJS.a */ = {isa = PBXFileReference; explicitFileType = archive.ar; includeInIndex = 0; path = "libPods-NativeAndJS.a"; sourceTree = BUILT_PRODUCTS_DIR; };
		CB6C3B631BA10D29007EC918 /* NativeAndJS.app */ = {isa = PBXFileReference; explicitFileType = wrapper.application; includeInIndex = 0; path = NativeAndJS.app; sourceTree = BUILT_PRODUCTS_DIR; };
		CB6C3B671BA10D29007EC918 /* Info.plist */ = {isa = PBXFileReference; lastKnownFileType = text.plist.xml; path = Info.plist; sourceTree = "<group>"; };
		CB6C3B681BA10D29007EC918 /* main.m */ = {isa = PBXFileReference; lastKnownFileType = sourcecode.c.objc; path = main.m; sourceTree = "<group>"; };
		CB6C3B6A1BA10D29007EC918 /* AppDelegate.h */ = {isa = PBXFileReference; lastKnownFileType = sourcecode.c.h; path = AppDelegate.h; sourceTree = "<group>"; };
		CB6C3B6B1BA10D29007EC918 /* AppDelegate.m */ = {isa = PBXFileReference; lastKnownFileType = sourcecode.c.objc; path = AppDelegate.m; sourceTree = "<group>"; };
		CB6C3B6D1BA10D29007EC918 /* ViewController.h */ = {isa = PBXFileReference; lastKnownFileType = sourcecode.c.h; path = ViewController.h; sourceTree = "<group>"; };
		CB6C3B6E1BA10D29007EC918 /* ViewController.m */ = {isa = PBXFileReference; lastKnownFileType = sourcecode.c.objc; path = ViewController.m; sourceTree = "<group>"; };
		CB6C3B711BA10D29007EC918 /* Base */ = {isa = PBXFileReference; lastKnownFileType = file.storyboard; name = Base; path = Base.lproj/Main.storyboard; sourceTree = "<group>"; };
		CB6C3B731BA10D29007EC918 /* Images.xcassets */ = {isa = PBXFileReference; lastKnownFileType = folder.assetcatalog; path = Images.xcassets; sourceTree = "<group>"; };
		CB6C3B761BA10D29007EC918 /* Base */ = {isa = PBXFileReference; lastKnownFileType = file.xib; name = Base; path = Base.lproj/LaunchScreen.xib; sourceTree = "<group>"; };
		CB6C3B7C1BA10D29007EC918 /* NativeAndJSTests.xctest */ = {isa = PBXFileReference; explicitFileType = wrapper.cfbundle; includeInIndex = 0; path = NativeAndJSTests.xctest; sourceTree = BUILT_PRODUCTS_DIR; };
		CB6C3B811BA10D29007EC918 /* Info.plist */ = {isa = PBXFileReference; lastKnownFileType = text.plist.xml; path = Info.plist; sourceTree = "<group>"; };
		CB6C3B821BA10D29007EC918 /* NativeAndJSTests.m */ = {isa = PBXFileReference; lastKnownFileType = sourcecode.c.objc; path = NativeAndJSTests.m; sourceTree = "<group>"; };
		CB6C3B8C1BA10E95007EC918 /* JavaScriptCore.framework */ = {isa = PBXFileReference; lastKnownFileType = wrapper.framework; name = JavaScriptCore.framework; path = System/Library/Frameworks/JavaScriptCore.framework; sourceTree = SDKROOT; };
		CB6C3B8E1BA10EE4007EC918 /* ExampleApp.html */ = {isa = PBXFileReference; fileEncoding = 4; lastKnownFileType = text.html; path = ExampleApp.html; sourceTree = "<group>"; };
		CB6C3B901BA15A6B007EC918 /* ExampleApp2.html */ = {isa = PBXFileReference; fileEncoding = 4; lastKnownFileType = text.html; path = ExampleApp2.html; sourceTree = "<group>"; };
		CB6C3B921BA15D64007EC918 /* ExampleApp.js */ = {isa = PBXFileReference; fileEncoding = 4; lastKnownFileType = sourcecode.javascript; path = ExampleApp.js; sourceTree = "<group>"; };
		CB6C3B941BA16596007EC918 /* jquery1.9.js */ = {isa = PBXFileReference; fileEncoding = 4; lastKnownFileType = sourcecode.javascript; path = jquery1.9.js; sourceTree = "<group>"; };
/* End PBXFileReference section */

/* Begin PBXFrameworksBuildPhase section */
		CB6C3B601BA10D29007EC918 /* Frameworks */ = {
			isa = PBXFrameworksBuildPhase;
			buildActionMask = 2147483647;
			files = (
				96F61FD91CA23B5B0022FD6F /* WebKit.framework in Frameworks */,
				CB6C3B8D1BA10E95007EC918 /* JavaScriptCore.framework in Frameworks */,
				BD8C976577AC9DEF756D585D /* libPods-NativeAndJS.a in Frameworks */,
			);
			runOnlyForDeploymentPostprocessing = 0;
		};
		CB6C3B791BA10D29007EC918 /* Frameworks */ = {
			isa = PBXFrameworksBuildPhase;
			buildActionMask = 2147483647;
			files = (
			);
			runOnlyForDeploymentPostprocessing = 0;
		};
/* End PBXFrameworksBuildPhase section */

/* Begin PBXGroup section */
		5B84947582767D8062394AB2 /* Frameworks */ = {
			isa = PBXGroup;
			children = (
				A5E0D0E69D41911420DCB0A2 /* libPods-NativeAndJS.a */,
			);
			name = Frameworks;
			sourceTree = "<group>";
		};
		96F61FD11CA239FF0022FD6F /* TCWebView */ = {
			isa = PBXGroup;
			children = (
				96F61FD21CA23A1C0022FD6F /* TCWebView.h */,
				96F61FD31CA23A1C0022FD6F /* TCWebView.m */,
			);
			name = TCWebView;
			sourceTree = "<group>";
		};
		AC3E414FC3553777D3D2EF6E /* Pods */ = {
			isa = PBXGroup;
			children = (
				49E0F17E818364F49AFF898B /* Pods-NativeAndJS.debug.xcconfig */,
				3247CACABABF49EC6EE91C47 /* Pods-NativeAndJS.release.xcconfig */,
			);
			name = Pods;
			sourceTree = "<group>";
		};
		CB6C3B5A1BA10D29007EC918 = {
			isa = PBXGroup;
			children = (
				96F61FD81CA23B5B0022FD6F /* WebKit.framework */,
				CB6C3B8C1BA10E95007EC918 /* JavaScriptCore.framework */,
				CB6C3B651BA10D29007EC918 /* NativeAndJS */,
				CB6C3B7F1BA10D29007EC918 /* NativeAndJSTests */,
				CB6C3B641BA10D29007EC918 /* Products */,
				AC3E414FC3553777D3D2EF6E /* Pods */,
				5B84947582767D8062394AB2 /* Frameworks */,
			);
			sourceTree = "<group>";
		};
		CB6C3B641BA10D29007EC918 /* Products */ = {
			isa = PBXGroup;
			children = (
				CB6C3B631BA10D29007EC918 /* NativeAndJS.app */,
				CB6C3B7C1BA10D29007EC918 /* NativeAndJSTests.xctest */,
			);
			name = Products;
			sourceTree = "<group>";
		};
		CB6C3B651BA10D29007EC918 /* NativeAndJS */ = {
			isa = PBXGroup;
			children = (
				96F61FD11CA239FF0022FD6F /* TCWebView */,
				CB6C3B941BA16596007EC918 /* jquery1.9.js */,
				CB6C3B921BA15D64007EC918 /* ExampleApp.js */,
				CB6C3B901BA15A6B007EC918 /* ExampleApp2.html */,
				CB6C3B8E1BA10EE4007EC918 /* ExampleApp.html */,
				CB6C3B6A1BA10D29007EC918 /* AppDelegate.h */,
				CB6C3B6B1BA10D29007EC918 /* AppDelegate.m */,
				CB6C3B6D1BA10D29007EC918 /* ViewController.h */,
				CB6C3B6E1BA10D29007EC918 /* ViewController.m */,
				96F61FD51CA23AC90022FD6F /* TCViewController.h */,
				96F61FD61CA23AC90022FD6F /* TCViewController.m */,
				CB6C3B701BA10D29007EC918 /* Main.storyboard */,
				CB6C3B731BA10D29007EC918 /* Images.xcassets */,
				CB6C3B751BA10D29007EC918 /* LaunchScreen.xib */,
				CB6C3B661BA10D29007EC918 /* Supporting Files */,
			);
			path = NativeAndJS;
			sourceTree = "<group>";
		};
		CB6C3B661BA10D29007EC918 /* Supporting Files */ = {
			isa = PBXGroup;
			children = (
				CB6C3B671BA10D29007EC918 /* Info.plist */,
				CB6C3B681BA10D29007EC918 /* main.m */,
			);
			name = "Supporting Files";
			sourceTree = "<group>";
		};
		CB6C3B7F1BA10D29007EC918 /* NativeAndJSTests */ = {
			isa = PBXGroup;
			children = (
				CB6C3B821BA10D29007EC918 /* NativeAndJSTests.m */,
				CB6C3B801BA10D29007EC918 /* Supporting Files */,
			);
			path = NativeAndJSTests;
			sourceTree = "<group>";
		};
		CB6C3B801BA10D29007EC918 /* Supporting Files */ = {
			isa = PBXGroup;
			children = (
				CB6C3B811BA10D29007EC918 /* Info.plist */,
			);
			name = "Supporting Files";
			sourceTree = "<group>";
		};
/* End PBXGroup section */

/* Begin PBXNativeTarget section */
		CB6C3B621BA10D29007EC918 /* NativeAndJS */ = {
			isa = PBXNativeTarget;
			buildConfigurationList = CB6C3B861BA10D29007EC918 /* Build configuration list for PBXNativeTarget "NativeAndJS" */;
			buildPhases = (
				258D1DA2293EC760F12DA567 /* [CP] Check Pods Manifest.lock */,
				CB6C3B5F1BA10D29007EC918 /* Sources */,
				CB6C3B601BA10D29007EC918 /* Frameworks */,
				CB6C3B611BA10D29007EC918 /* Resources */,
				F5A6A167DCA10574E79BD41A /* [CP] Embed Pods Frameworks */,
				B16722A3802DDCBFA5174EEE /* [CP] Copy Pods Resources */,
			);
			buildRules = (
			);
			dependencies = (
			);
			name = NativeAndJS;
			productName = NativeAndJS;
			productReference = CB6C3B631BA10D29007EC918 /* NativeAndJS.app */;
			productType = "com.apple.product-type.application";
		};
		CB6C3B7B1BA10D29007EC918 /* NativeAndJSTests */ = {
			isa = PBXNativeTarget;
			buildConfigurationList = CB6C3B891BA10D29007EC918 /* Build configuration list for PBXNativeTarget "NativeAndJSTests" */;
			buildPhases = (
				CB6C3B781BA10D29007EC918 /* Sources */,
				CB6C3B791BA10D29007EC918 /* Frameworks */,
				CB6C3B7A1BA10D29007EC918 /* Resources */,
			);
			buildRules = (
			);
			dependencies = (
				CB6C3B7E1BA10D29007EC918 /* PBXTargetDependency */,
			);
			name = NativeAndJSTests;
			productName = NativeAndJSTests;
			productReference = CB6C3B7C1BA10D29007EC918 /* NativeAndJSTests.xctest */;
			productType = "com.apple.product-type.bundle.unit-test";
		};
/* End PBXNativeTarget section */

/* Begin PBXProject section */
		CB6C3B5B1BA10D29007EC918 /* Project object */ = {
			isa = PBXProject;
			attributes = {
				LastUpgradeCheck = 0640;
				ORGANIZATIONNAME = auxiphone;
				TargetAttributes = {
					CB6C3B621BA10D29007EC918 = {
						CreatedOnToolsVersion = 6.4;
						DevelopmentTeam = 627UB48BZA;
						ProvisioningStyle = Manual;
					};
					CB6C3B7B1BA10D29007EC918 = {
						CreatedOnToolsVersion = 6.4;
						TestTargetID = CB6C3B621BA10D29007EC918;
					};
				};
			};
			buildConfigurationList = CB6C3B5E1BA10D29007EC918 /* Build configuration list for PBXProject "NativeAndJS" */;
			compatibilityVersion = "Xcode 3.2";
			developmentRegion = English;
			hasScannedForEncodings = 0;
			knownRegions = (
				en,
				Base,
			);
			mainGroup = CB6C3B5A1BA10D29007EC918;
			productRefGroup = CB6C3B641BA10D29007EC918 /* Products */;
			projectDirPath = "";
			projectRoot = "";
			targets = (
				CB6C3B621BA10D29007EC918 /* NativeAndJS */,
				CB6C3B7B1BA10D29007EC918 /* NativeAndJSTests */,
			);
		};
/* End PBXProject section */

/* Begin PBXResourcesBuildPhase section */
		CB6C3B611BA10D29007EC918 /* Resources */ = {
			isa = PBXResourcesBuildPhase;
			buildActionMask = 2147483647;
			files = (
				CB6C3B911BA15A6B007EC918 /* ExampleApp2.html in Resources */,
				CB6C3B721BA10D29007EC918 /* Main.storyboard in Resources */,
				CB6C3B771BA10D29007EC918 /* LaunchScreen.xib in Resources */,
				CB6C3B951BA16596007EC918 /* jquery1.9.js in Resources */,
				CB6C3B741BA10D29007EC918 /* Images.xcassets in Resources */,
				CB6C3B8F1BA10EE4007EC918 /* ExampleApp.html in Resources */,
				CB6C3B931BA15D64007EC918 /* ExampleApp.js in Resources */,
			);
			runOnlyForDeploymentPostprocessing = 0;
		};
		CB6C3B7A1BA10D29007EC918 /* Resources */ = {
			isa = PBXResourcesBuildPhase;
			buildActionMask = 2147483647;
			files = (
			);
			runOnlyForDeploymentPostprocessing = 0;
		};
/* End PBXResourcesBuildPhase section */

/* Begin PBXShellScriptBuildPhase section */
		258D1DA2293EC760F12DA567 /* [CP] Check Pods Manifest.lock */ = {
			isa = PBXShellScriptBuildPhase;
			buildActionMask = 2147483647;
			files = (
			);
			inputPaths = (
			);
			name = "[CP] Check Pods Manifest.lock";
			outputPaths = (
			);
			runOnlyForDeploymentPostprocessing = 0;
			shellPath = /bin/sh;
			shellScript = "diff \"${PODS_ROOT}/../Podfile.lock\" \"${PODS_ROOT}/Manifest.lock\" > /dev/null\nif [ $? != 0 ] ; then\n    # print error to STDERR\n    echo \"error: The sandbox is not in sync with the Podfile.lock. Run 'pod install' or update your CocoaPods installation.\" >&2\n    exit 1\nfi\n";
			showEnvVarsInLog = 0;
		};
		B16722A3802DDCBFA5174EEE /* [CP] Copy Pods Resources */ = {
			isa = PBXShellScriptBuildPhase;
			buildActionMask = 2147483647;
			files = (
			);
			inputPaths = (
			);
			name = "[CP] Copy Pods Resources";
			outputPaths = (
			);
			runOnlyForDeploymentPostprocessing = 0;
			shellPath = /bin/sh;
			shellScript = "\"${SRCROOT}/Pods/Target Support Files/Pods-NativeAndJS/Pods-NativeAndJS-resources.sh\"\n";
			showEnvVarsInLog = 0;
		};
		F5A6A167DCA10574E79BD41A /* [CP] Embed Pods Frameworks */ = {
			isa = PBXShellScriptBuildPhase;
			buildActionMask = 2147483647;
			files = (
			);
			inputPaths = (
			);
			name = "[CP] Embed Pods Frameworks";
			outputPaths = (
			);
			runOnlyForDeploymentPostprocessing = 0;
			shellPath = /bin/sh;
			shellScript = "\"${SRCROOT}/Pods/Target Support Files/Pods-NativeAndJS/Pods-NativeAndJS-frameworks.sh\"\n";
			showEnvVarsInLog = 0;
		};
/* End PBXShellScriptBuildPhase section */

/* Begin PBXSourcesBuildPhase section */
		CB6C3B5F1BA10D29007EC918 /* Sources */ = {
			isa = PBXSourcesBuildPhase;
			buildActionMask = 2147483647;
			files = (
				CB6C3B6F1BA10D29007EC918 /* ViewController.m in Sources */,
				96F61FD71CA23AC90022FD6F /* TCViewController.m in Sources */,
				CB6C3B6C1BA10D29007EC918 /* AppDelegate.m in Sources */,
				96F61FD41CA23A1C0022FD6F /* TCWebView.m in Sources */,
				CB6C3B691BA10D29007EC918 /* main.m in Sources */,
			);
			runOnlyForDeploymentPostprocessing = 0;
		};
		CB6C3B781BA10D29007EC918 /* Sources */ = {
			isa = PBXSourcesBuildPhase;
			buildActionMask = 2147483647;
			files = (
				CB6C3B831BA10D29007EC918 /* NativeAndJSTests.m in Sources */,
			);
			runOnlyForDeploymentPostprocessing = 0;
		};
/* End PBXSourcesBuildPhase section */

/* Begin PBXTargetDependency section */
		CB6C3B7E1BA10D29007EC918 /* PBXTargetDependency */ = {
			isa = PBXTargetDependency;
			target = CB6C3B621BA10D29007EC918 /* NativeAndJS */;
			targetProxy = CB6C3B7D1BA10D29007EC918 /* PBXContainerItemProxy */;
		};
/* End PBXTargetDependency section */

/* Begin PBXVariantGroup section */
		CB6C3B701BA10D29007EC918 /* Main.storyboard */ = {
			isa = PBXVariantGroup;
			children = (
				CB6C3B711BA10D29007EC918 /* Base */,
			);
			name = Main.storyboard;
			sourceTree = "<group>";
		};
		CB6C3B751BA10D29007EC918 /* LaunchScreen.xib */ = {
			isa = PBXVariantGroup;
			children = (
				CB6C3B761BA10D29007EC918 /* Base */,
			);
			name = LaunchScreen.xib;
			sourceTree = "<group>";
		};
/* End PBXVariantGroup section */

/* Begin XCBuildConfiguration section */
		CB6C3B841BA10D29007EC918 /* Debug */ = {
			isa = XCBuildConfiguration;
			buildSettings = {
				ALWAYS_SEARCH_USER_PATHS = NO;
				CLANG_CXX_LANGUAGE_STANDARD = "gnu++0x";
				CLANG_CXX_LIBRARY = "libc++";
				CLANG_ENABLE_MODULES = YES;
				CLANG_ENABLE_OBJC_ARC = YES;
				CLANG_WARN_BOOL_CONVERSION = YES;
				CLANG_WARN_CONSTANT_CONVERSION = YES;
				CLANG_WARN_DIRECT_OBJC_ISA_USAGE = YES_ERROR;
				CLANG_WARN_EMPTY_BODY = YES;
				CLANG_WARN_ENUM_CONVERSION = YES;
				CLANG_WARN_INT_CONVERSION = YES;
				CLANG_WARN_OBJC_ROOT_CLASS = YES_ERROR;
				CLANG_WARN_UNREACHABLE_CODE = YES;
				CLANG_WARN__DUPLICATE_METHOD_MATCH = YES;
				"CODE_SIGN_IDENTITY[sdk=iphoneos*]" = "iPhone Developer";
				COPY_PHASE_STRIP = NO;
				DEBUG_INFORMATION_FORMAT = "dwarf-with-dsym";
				ENABLE_STRICT_OBJC_MSGSEND = YES;
				GCC_C_LANGUAGE_STANDARD = gnu99;
				GCC_DYNAMIC_NO_PIC = NO;
				GCC_NO_COMMON_BLOCKS = YES;
				GCC_OPTIMIZATION_LEVEL = 0;
				GCC_PREPROCESSOR_DEFINITIONS = (
					"DEBUG=1",
					"$(inherited)",
				);
				GCC_SYMBOLS_PRIVATE_EXTERN = NO;
				GCC_WARN_64_TO_32_BIT_CONVERSION = YES;
				GCC_WARN_ABOUT_RETURN_TYPE = YES_ERROR;
				GCC_WARN_UNDECLARED_SELECTOR = YES;
				GCC_WARN_UNINITIALIZED_AUTOS = YES_AGGRESSIVE;
				GCC_WARN_UNUSED_FUNCTION = YES;
				GCC_WARN_UNUSED_VARIABLE = YES;
				IPHONEOS_DEPLOYMENT_TARGET = 8.0;
				MTL_ENABLE_DEBUG_INFO = YES;
				ONLY_ACTIVE_ARCH = YES;
				SDKROOT = iphoneos;
				TARGETED_DEVICE_FAMILY = 2;
			};
			name = Debug;
		};
		CB6C3B851BA10D29007EC918 /* Release */ = {
			isa = XCBuildConfiguration;
			buildSettings = {
				ALWAYS_SEARCH_USER_PATHS = NO;
				CLANG_CXX_LANGUAGE_STANDARD = "gnu++0x";
				CLANG_CXX_LIBRARY = "libc++";
				CLANG_ENABLE_MODULES = YES;
				CLANG_ENABLE_OBJC_ARC = YES;
				CLANG_WARN_BOOL_CONVERSION = YES;
				CLANG_WARN_CONSTANT_CONVERSION = YES;
				CLANG_WARN_DIRECT_OBJC_ISA_USAGE = YES_ERROR;
				CLANG_WARN_EMPTY_BODY = YES;
				CLANG_WARN_ENUM_CONVERSION = YES;
				CLANG_WARN_INT_CONVERSION = YES;
				CLANG_WARN_OBJC_ROOT_CLASS = YES_ERROR;
				CLANG_WARN_UNREACHABLE_CODE = YES;
				CLANG_WARN__DUPLICATE_METHOD_MATCH = YES;
				"CODE_SIGN_IDENTITY[sdk=iphoneos*]" = "iPhone Developer";
				COPY_PHASE_STRIP = NO;
				DEBUG_INFORMATION_FORMAT = "dwarf-with-dsym";
				ENABLE_NS_ASSERTIONS = NO;
				ENABLE_STRICT_OBJC_MSGSEND = YES;
				GCC_C_LANGUAGE_STANDARD = gnu99;
				GCC_NO_COMMON_BLOCKS = YES;
				GCC_WARN_64_TO_32_BIT_CONVERSION = YES;
				GCC_WARN_ABOUT_RETURN_TYPE = YES_ERROR;
				GCC_WARN_UNDECLARED_SELECTOR = YES;
				GCC_WARN_UNINITIALIZED_AUTOS = YES_AGGRESSIVE;
				GCC_WARN_UNUSED_FUNCTION = YES;
				GCC_WARN_UNUSED_VARIABLE = YES;
				IPHONEOS_DEPLOYMENT_TARGET = 8.0;
				MTL_ENABLE_DEBUG_INFO = NO;
				SDKROOT = iphoneos;
				TARGETED_DEVICE_FAMILY = 2;
				VALIDATE_PRODUCT = YES;
			};
			name = Release;
		};
		CB6C3B871BA10D29007EC918 /* Debug */ = {
			isa = XCBuildConfiguration;
			baseConfigurationReference = 49E0F17E818364F49AFF898B /* Pods-NativeAndJS.debug.xcconfig */;
			buildSettings = {
				ASSETCATALOG_COMPILER_APPICON_NAME = AppIcon;
				CODE_SIGN_IDENTITY = "iPhone Distribution: Ningbo Jiaxiang network technology co.LTD.";
				"CODE_SIGN_IDENTITY[sdk=iphoneos*]" = "iPhone Developer";
				DEVELOPMENT_TEAM = 627UB48BZA;
				FRAMEWORK_SEARCH_PATHS = (
					"$(inherited)",
					"$(SDKROOT)$(SYSTEM_LIBRARY_DIR)/PrivateFrameworks",
				);
				INFOPLIST_FILE = NativeAndJS/Info.plist;
				IPHONEOS_DEPLOYMENT_TARGET = 6.0;
				LD_RUNPATH_SEARCH_PATHS = "$(inherited) @executable_path/Frameworks";
				PRODUCT_BUNDLE_IDENTIFIER = com.yunModel.FlowCIDemo;
				PRODUCT_NAME = "$(TARGET_NAME)";
				PROVISIONING_PROFILE = "60b3c4e5-1960-4d8d-8864-e95c37959240";
				PROVISIONING_PROFILE_SPECIFIER = FlowCIDemo_dev_pp;
				TARGETED_DEVICE_FAMILY = "1,2";
			};
			name = Debug;
		};
		CB6C3B881BA10D29007EC918 /* Release */ = {
			isa = XCBuildConfiguration;
			baseConfigurationReference = 3247CACABABF49EC6EE91C47 /* Pods-NativeAndJS.release.xcconfig */;
			buildSettings = {
				ASSETCATALOG_COMPILER_APPICON_NAME = AppIcon;
				CODE_SIGN_IDENTITY = "iPhone Distribution: Ningbo Jiaxiang network technology co.LTD.";
				"CODE_SIGN_IDENTITY[sdk=iphoneos*]" = "iPhone Developer";
				DEVELOPMENT_TEAM = "";
				FRAMEWORK_SEARCH_PATHS = (
					"$(inherited)",
					"$(SDKROOT)$(SYSTEM_LIBRARY_DIR)/PrivateFrameworks",
				);
				INFOPLIST_FILE = NativeAndJS/Info.plist;
				IPHONEOS_DEPLOYMENT_TARGET = 6.0;
				LD_RUNPATH_SEARCH_PATHS = "$(inherited) @executable_path/Frameworks";
				PRODUCT_BUNDLE_IDENTIFIER = com.yunModel.FlowCIDemo;
				PRODUCT_NAME = "$(TARGET_NAME)";
				PROVISIONING_PROFILE = "";
				TARGETED_DEVICE_FAMILY = "1,2";
			};
			name = Release;
		};
		CB6C3B8A1BA10D29007EC918 /* Debug */ = {
			isa = XCBuildConfiguration;
			buildSettings = {
				BUNDLE_LOADER = "$(TEST_HOST)";
				FRAMEWORK_SEARCH_PATHS = (
					"$(SDKROOT)/Developer/Library/Frameworks",
					"$(inherited)",
				);
				GCC_PREPROCESSOR_DEFINITIONS = (
					"DEBUG=1",
					"$(inherited)",
				);
				INFOPLIST_FILE = NativeAndJSTests/Info.plist;
				LD_RUNPATH_SEARCH_PATHS = "$(inherited) @executable_path/Frameworks @loader_path/Frameworks";
				PRODUCT_NAME = "$(TARGET_NAME)";
				TEST_HOST = "$(BUILT_PRODUCTS_DIR)/NativeAndJS.app/NativeAndJS";
			};
			name = Debug;
		};
		CB6C3B8B1BA10D29007EC918 /* Release */ = {
			isa = XCBuildConfiguration;
			buildSettings = {
				BUNDLE_LOADER = "$(TEST_HOST)";
				FRAMEWORK_SEARCH_PATHS = (
					"$(SDKROOT)/Developer/Library/Frameworks",
					"$(inherited)",
				);
				INFOPLIST_FILE = NativeAndJSTests/Info.plist;
				LD_RUNPATH_SEARCH_PATHS = "$(inherited) @executable_path/Frameworks @loader_path/Frameworks";
				PRODUCT_NAME = "$(TARGET_NAME)";
				TEST_HOST = "$(BUILT_PRODUCTS_DIR)/NativeAndJS.app/NativeAndJS";
			};
			name = Release;
		};
/* End XCBuildConfiguration section */

/* Begin XCConfigurationList section */
		CB6C3B5E1BA10D29007EC918 /* Build configuration list for PBXProject "NativeAndJS" */ = {
			isa = XCConfigurationList;
			buildConfigurations = (
				CB6C3B841BA10D29007EC918 /* Debug */,
				CB6C3B851BA10D29007EC918 /* Release */,
			);
			defaultConfigurationIsVisible = 0;
			defaultConfigurationName = Debug;
		};
		CB6C3B861BA10D29007EC918 /* Build configuration list for PBXNativeTarget "NativeAndJS" */ = {
			isa = XCConfigurationList;
			buildConfigurations = (
				CB6C3B871BA10D29007EC918 /* Debug */,
				CB6C3B881BA10D29007EC918 /* Release */,
			);
			defaultConfigurationIsVisible = 0;
			defaultConfigurationName = Debug;
		};
		CB6C3B891BA10D29007EC918 /* Build configuration list for PBXNativeTarget "NativeAndJSTests" */ = {
			isa = XCConfigurationList;
			buildConfigurations = (
				CB6C3B8A1BA10D29007EC918 /* Debug */,
				CB6C3B8B1BA10D29007EC918 /* Release */,
			);
			defaultConfigurationIsVisible = 0;
			defaultConfigurationName = Debug;
		};
/* End XCConfigurationList section */
	};
	rootObject = CB6C3B5B1BA10D29007EC918 /* Project object */;
}
